
Microsoft Visual Studio Solution File, Format Version 12.00
# Visual Studio 2013
VisualStudioVersion = 12.0.21005.1
MinimumVisualStudioVersion = 10.0.40219.1
Project("{FAE04EC0-301F-11D3-BF4B-00C04F79EFBC}") = "Klimatogrammen", "Klimatogrammen\Klimatogrammen.csproj", "{4AB19CC9-3858-4285-BF03-9D8BFAA59B8F}"
EndProject
Project("{FAE04EC0-301F-11D3-BF4B-00C04F79EFBC}") = "Klimatogrammen.Tests", "Klimatogrammen.Tests\Klimatogrammen.Tests.csproj", "{1F4A8F87-25E1-4831-8678-18890421721B}"
EndProject
Global
	GlobalSection(SolutionConfigurationPlatforms) = preSolution
		Debug|Any CPU = Debug|Any CPU
		Release|Any CPU = Release|Any CPU
	EndGlobalSection
	GlobalSection(ProjectConfigurationPlatforms) = postSolution
		{4AB19CC9-3858-4285-BF03-9D8BFAA59B8F}.Debug|Any CPU.ActiveCfg = Debug|Any CPU
		{4AB19CC9-3858-4285-BF03-9D8BFAA59B8F}.Debug|Any CPU.Build.0 = Debug|Any CPU
		{4AB19CC9-3858-4285-BF03-9D8BFAA59B8F}.Release|Any CPU.ActiveCfg = Release|Any CPU
		{4AB19CC9-3858-4285-BF03-9D8BFAA59B8F}.Release|Any CPU.Build.0 = Release|Any CPU
		{1F4A8F87-25E1-4831-8678-18890421721B}.Debug|Any CPU.ActiveCfg = Debug|Any CPU
		{1F4A8F87-25E1-4831-8678-18890421721B}.Debug|Any CPU.Build.0 = Debug|Any CPU
		{1F4A8F87-25E1-4831-8678-18890421721B}.Release|Any CPU.ActiveCfg = Release|Any CPU
		{1F4A8F87-25E1-4831-8678-18890421721B}.Release|Any CPU.Build.0 = Release|Any CPU
	EndGlobalSection
	GlobalSection(SolutionProperties) = preSolution
		HideSolutionNode = FALSE
	EndGlobalSection
EndGlobal
